// !$*UTF8*$!
{
	archiveVersion = 1;
	classes = {
	};
	objectVersion = 50;
	objects = {

/* Begin PBXBuildFile section */
		7EB2EE9C253E4FC5006F8DAE /* basketball_frontendApp.swift in Sources */ = {isa = PBXBuildFile; fileRef = 7EB2EE9B253E4FC5006F8DAE /* basketball_frontendApp.swift */; };
		7EB2EE9E253E4FC5006F8DAE /* ContentView.swift in Sources */ = {isa = PBXBuildFile; fileRef = 7EB2EE9D253E4FC5006F8DAE /* ContentView.swift */; };
		7EB2EEA0253E4FC7006F8DAE /* Assets.xcassets in Resources */ = {isa = PBXBuildFile; fileRef = 7EB2EE9F253E4FC7006F8DAE /* Assets.xcassets */; };
		7EB2EEA3253E4FC7006F8DAE /* Preview Assets.xcassets in Resources */ = {isa = PBXBuildFile; fileRef = 7EB2EEA2253E4FC7006F8DAE /* Preview Assets.xcassets */; };
		7EB2EEAE253E4FC7006F8DAE /* basketball_frontendTests.swift in Sources */ = {isa = PBXBuildFile; fileRef = 7EB2EEAD253E4FC7006F8DAE /* basketball_frontendTests.swift */; };
		7EB2EEB9253E4FC7006F8DAE /* basketball_frontendUITests.swift in Sources */ = {isa = PBXBuildFile; fileRef = 7EB2EEB8253E4FC7006F8DAE /* basketball_frontendUITests.swift */; };
		7EB2EECA253E50AD006F8DAE /* GameModel.swift in Sources */ = {isa = PBXBuildFile; fileRef = 7EB2EEC9253E50AD006F8DAE /* GameModel.swift */; };
/* End PBXBuildFile section */

/* Begin PBXContainerItemProxy section */
		7EB2EEAA253E4FC7006F8DAE /* PBXContainerItemProxy */ = {
			isa = PBXContainerItemProxy;
			containerPortal = 7EB2EE90253E4FC5006F8DAE /* Project object */;
			proxyType = 1;
			remoteGlobalIDString = 7EB2EE97253E4FC5006F8DAE;
			remoteInfo = "basketball-frontend";
		};
		7EB2EEB5253E4FC7006F8DAE /* PBXContainerItemProxy */ = {
			isa = PBXContainerItemProxy;
			containerPortal = 7EB2EE90253E4FC5006F8DAE /* Project object */;
			proxyType = 1;
			remoteGlobalIDString = 7EB2EE97253E4FC5006F8DAE;
			remoteInfo = "basketball-frontend";
		};
/* End PBXContainerItemProxy section */

/* Begin PBXFileReference section */
		7EB2EE98253E4FC5006F8DAE /* basketball-frontend.app */ = {isa = PBXFileReference; explicitFileType = wrapper.application; includeInIndex = 0; path = "basketball-frontend.app"; sourceTree = BUILT_PRODUCTS_DIR; };
		7EB2EE9B253E4FC5006F8DAE /* basketball_frontendApp.swift */ = {isa = PBXFileReference; lastKnownFileType = sourcecode.swift; path = basketball_frontendApp.swift; sourceTree = "<group>"; };
		7EB2EE9D253E4FC5006F8DAE /* ContentView.swift */ = {isa = PBXFileReference; lastKnownFileType = sourcecode.swift; path = ContentView.swift; sourceTree = "<group>"; };
		7EB2EE9F253E4FC7006F8DAE /* Assets.xcassets */ = {isa = PBXFileReference; lastKnownFileType = folder.assetcatalog; path = Assets.xcassets; sourceTree = "<group>"; };
		7EB2EEA2253E4FC7006F8DAE /* Preview Assets.xcassets */ = {isa = PBXFileReference; lastKnownFileType = folder.assetcatalog; path = "Preview Assets.xcassets"; sourceTree = "<group>"; };
		7EB2EEA4253E4FC7006F8DAE /* Info.plist */ = {isa = PBXFileReference; lastKnownFileType = text.plist.xml; path = Info.plist; sourceTree = "<group>"; };
		7EB2EEA9253E4FC7006F8DAE /* basketball-frontendTests.xctest */ = {isa = PBXFileReference; explicitFileType = wrapper.cfbundle; includeInIndex = 0; path = "basketball-frontendTests.xctest"; sourceTree = BUILT_PRODUCTS_DIR; };
		7EB2EEAD253E4FC7006F8DAE /* basketball_frontendTests.swift */ = {isa = PBXFileReference; lastKnownFileType = sourcecode.swift; path = basketball_frontendTests.swift; sourceTree = "<group>"; };
		7EB2EEAF253E4FC7006F8DAE /* Info.plist */ = {isa = PBXFileReference; lastKnownFileType = text.plist.xml; path = Info.plist; sourceTree = "<group>"; };
		7EB2EEB4253E4FC7006F8DAE /* basketball-frontendUITests.xctest */ = {isa = PBXFileReference; explicitFileType = wrapper.cfbundle; includeInIndex = 0; path = "basketball-frontendUITests.xctest"; sourceTree = BUILT_PRODUCTS_DIR; };
		7EB2EEB8253E4FC7006F8DAE /* basketball_frontendUITests.swift */ = {isa = PBXFileReference; lastKnownFileType = sourcecode.swift; path = basketball_frontendUITests.swift; sourceTree = "<group>"; };
		7EB2EEBA253E4FC7006F8DAE /* Info.plist */ = {isa = PBXFileReference; lastKnownFileType = text.plist.xml; path = Info.plist; sourceTree = "<group>"; };
		7EB2EEC9253E50AD006F8DAE /* GameModel.swift */ = {isa = PBXFileReference; lastKnownFileType = sourcecode.swift; path = GameModel.swift; sourceTree = "<group>"; };
/* End PBXFileReference section */

/* Begin PBXFrameworksBuildPhase section */
		7EB2EE95253E4FC5006F8DAE /* Frameworks */ = {
			isa = PBXFrameworksBuildPhase;
			buildActionMask = 2147483647;
			files = (
			);
			runOnlyForDeploymentPostprocessing = 0;
		};
		7EB2EEA6253E4FC7006F8DAE /* Frameworks */ = {
			isa = PBXFrameworksBuildPhase;
			buildActionMask = 2147483647;
			files = (
			);
			runOnlyForDeploymentPostprocessing = 0;
		};
		7EB2EEB1253E4FC7006F8DAE /* Frameworks */ = {
			isa = PBXFrameworksBuildPhase;
			buildActionMask = 2147483647;
			files = (
			);
			runOnlyForDeploymentPostprocessing = 0;
		};
/* End PBXFrameworksBuildPhase section */

/* Begin PBXGroup section */
		7EB2EE8F253E4FC5006F8DAE = {
			isa = PBXGroup;
			children = (
				7EB2EE9A253E4FC5006F8DAE /* basketball-frontend */,
				7EB2EEAC253E4FC7006F8DAE /* basketball-frontendTests */,
				7EB2EEB7253E4FC7006F8DAE /* basketball-frontendUITests */,
				7EB2EE99253E4FC5006F8DAE /* Products */,
			);
			sourceTree = "<group>";
		};
		7EB2EE99253E4FC5006F8DAE /* Products */ = {
			isa = PBXGroup;
			children = (
				7EB2EE98253E4FC5006F8DAE /* basketball-frontend.app */,
				7EB2EEA9253E4FC7006F8DAE /* basketball-frontendTests.xctest */,
				7EB2EEB4253E4FC7006F8DAE /* basketball-frontendUITests.xctest */,
			);
			name = Products;
			sourceTree = "<group>";
		};
		7EB2EE9A253E4FC5006F8DAE /* basketball-frontend */ = {
			isa = PBXGroup;
			children = (
				7EB2EE9B253E4FC5006F8DAE /* basketball_frontendApp.swift */,
				7EB2EE9D253E4FC5006F8DAE /* ContentView.swift */,
				7EB2EE9F253E4FC7006F8DAE /* Assets.xcassets */,
				7EB2EEA4253E4FC7006F8DAE /* Info.plist */,
				7EB2EEA1253E4FC7006F8DAE /* Preview Content */,
				7EB2EEC9253E50AD006F8DAE /* GameModel.swift */,
			);
			path = "basketball-frontend";
			sourceTree = "<group>";
		};
		7EB2EEA1253E4FC7006F8DAE /* Preview Content */ = {
			isa = PBXGroup;
			children = (
				7EB2EEA2253E4FC7006F8DAE /* Preview Assets.xcassets */,
			);
			path = "Preview Content";
			sourceTree = "<group>";
		};
		7EB2EEAC253E4FC7006F8DAE /* basketball-frontendTests */ = {
			isa = PBXGroup;
			children = (
				7EB2EEAD253E4FC7006F8DAE /* basketball_frontendTests.swift */,
				7EB2EEAF253E4FC7006F8DAE /* Info.plist */,
			);
			path = "basketball-frontendTests";
			sourceTree = "<group>";
		};
		7EB2EEB7253E4FC7006F8DAE /* basketball-frontendUITests */ = {
			isa = PBXGroup;
			children = (
				7EB2EEB8253E4FC7006F8DAE /* basketball_frontendUITests.swift */,
				7EB2EEBA253E4FC7006F8DAE /* Info.plist */,
			);
			path = "basketball-frontendUITests";
			sourceTree = "<group>";
		};
/* End PBXGroup section */

/* Begin PBXNativeTarget section */
		7EB2EE97253E4FC5006F8DAE /* basketball-frontend */ = {
			isa = PBXNativeTarget;
			buildConfigurationList = 7EB2EEBD253E4FC7006F8DAE /* Build configuration list for PBXNativeTarget "basketball-frontend" */;
			buildPhases = (
				7EB2EE94253E4FC5006F8DAE /* Sources */,
				7EB2EE95253E4FC5006F8DAE /* Frameworks */,
				7EB2EE96253E4FC5006F8DAE /* Resources */,
			);
			buildRules = (
			);
			dependencies = (
			);
			name = "basketball-frontend";
			productName = "basketball-frontend";
			productReference = 7EB2EE98253E4FC5006F8DAE /* basketball-frontend.app */;
			productType = "com.apple.product-type.application";
		};
		7EB2EEA8253E4FC7006F8DAE /* basketball-frontendTests */ = {
			isa = PBXNativeTarget;
			buildConfigurationList = 7EB2EEC0253E4FC7006F8DAE /* Build configuration list for PBXNativeTarget "basketball-frontendTests" */;
			buildPhases = (
				7EB2EEA5253E4FC7006F8DAE /* Sources */,
				7EB2EEA6253E4FC7006F8DAE /* Frameworks */,
				7EB2EEA7253E4FC7006F8DAE /* Resources */,
			);
			buildRules = (
			);
			dependencies = (
				7EB2EEAB253E4FC7006F8DAE /* PBXTargetDependency */,
			);
			name = "basketball-frontendTests";
			productName = "basketball-frontendTests";
			productReference = 7EB2EEA9253E4FC7006F8DAE /* basketball-frontendTests.xctest */;
			productType = "com.apple.product-type.bundle.unit-test";
		};
		7EB2EEB3253E4FC7006F8DAE /* basketball-frontendUITests */ = {
			isa = PBXNativeTarget;
			buildConfigurationList = 7EB2EEC3253E4FC7006F8DAE /* Build configuration list for PBXNativeTarget "basketball-frontendUITests" */;
			buildPhases = (
				7EB2EEB0253E4FC7006F8DAE /* Sources */,
				7EB2EEB1253E4FC7006F8DAE /* Frameworks */,
				7EB2EEB2253E4FC7006F8DAE /* Resources */,
			);
			buildRules = (
			);
			dependencies = (
				7EB2EEB6253E4FC7006F8DAE /* PBXTargetDependency */,
			);
			name = "basketball-frontendUITests";
			productName = "basketball-frontendUITests";
			productReference = 7EB2EEB4253E4FC7006F8DAE /* basketball-frontendUITests.xctest */;
			productType = "com.apple.product-type.bundle.ui-testing";
		};
/* End PBXNativeTarget section */

/* Begin PBXProject section */
		7EB2EE90253E4FC5006F8DAE /* Project object */ = {
			isa = PBXProject;
			attributes = {
				LastSwiftUpdateCheck = 1200;
				LastUpgradeCheck = 1200;
				TargetAttributes = {
					7EB2EE97253E4FC5006F8DAE = {
						CreatedOnToolsVersion = 12.0.1;
					};
					7EB2EEA8253E4FC7006F8DAE = {
						CreatedOnToolsVersion = 12.0.1;
						TestTargetID = 7EB2EE97253E4FC5006F8DAE;
					};
					7EB2EEB3253E4FC7006F8DAE = {
						CreatedOnToolsVersion = 12.0.1;
						TestTargetID = 7EB2EE97253E4FC5006F8DAE;
					};
				};
			};
			buildConfigurationList = 7EB2EE93253E4FC5006F8DAE /* Build configuration list for PBXProject "basketball-frontend" */;
			compatibilityVersion = "Xcode 9.3";
			developmentRegion = en;
			hasScannedForEncodings = 0;
			knownRegions = (
				en,
				Base,
			);
			mainGroup = 7EB2EE8F253E4FC5006F8DAE;
			productRefGroup = 7EB2EE99253E4FC5006F8DAE /* Products */;
			projectDirPath = "";
			projectRoot = "";
			targets = (
				7EB2EE97253E4FC5006F8DAE /* basketball-frontend */,
				7EB2EEA8253E4FC7006F8DAE /* basketball-frontendTests */,
				7EB2EEB3253E4FC7006F8DAE /* basketball-frontendUITests */,
			);
		};
/* End PBXProject section */

/* Begin PBXResourcesBuildPhase section */
		7EB2EE96253E4FC5006F8DAE /* Resources */ = {
			isa = PBXResourcesBuildPhase;
			buildActionMask = 2147483647;
			files = (
				7EB2EEA3253E4FC7006F8DAE /* Preview Assets.xcassets in Resources */,
				7EB2EEA0253E4FC7006F8DAE /* Assets.xcassets in Resources */,
			);
			runOnlyForDeploymentPostprocessing = 0;
		};
		7EB2EEA7253E4FC7006F8DAE /* Resources */ = {
			isa = PBXResourcesBuildPhase;
			buildActionMask = 2147483647;
			files = (
			);
			runOnlyForDeploymentPostprocessing = 0;
		};
		7EB2EEB2253E4FC7006F8DAE /* Resources */ = {
			isa = PBXResourcesBuildPhase;
			buildActionMask = 2147483647;
			files = (
			);
			runOnlyForDeploymentPostprocessing = 0;
		};
/* End PBXResourcesBuildPhase section */

/* Begin PBXSourcesBuildPhase section */
		7EB2EE94253E4FC5006F8DAE /* Sources */ = {
			isa = PBXSourcesBuildPhase;
			buildActionMask = 2147483647;
			files = (
				7EB2EE9E253E4FC5006F8DAE /* ContentView.swift in Sources */,
				7EB2EE9C253E4FC5006F8DAE /* basketball_frontendApp.swift in Sources */,
				7EB2EECA253E50AD006F8DAE /* GameModel.swift in Sources */,
			);
			runOnlyForDeploymentPostprocessing = 0;
		};
		7EB2EEA5253E4FC7006F8DAE /* Sources */ = {
			isa = PBXSourcesBuildPhase;
			buildActionMask = 2147483647;
			files = (
				7EB2EEAE253E4FC7006F8DAE /* basketball_frontendTests.swift in Sources */,
			);
			runOnlyForDeploymentPostprocessing = 0;
		};
		7EB2EEB0253E4FC7006F8DAE /* Sources */ = {
			isa = PBXSourcesBuildPhase;
			buildActionMask = 2147483647;
			files = (
				7EB2EEB9253E4FC7006F8DAE /* basketball_frontendUITests.swift in Sources */,
			);
			runOnlyForDeploymentPostprocessing = 0;
		};
/* End PBXSourcesBuildPhase section */

/* Begin PBXTargetDependency section */
		7EB2EEAB253E4FC7006F8DAE /* PBXTargetDependency */ = {
			isa = PBXTargetDependency;
			target = 7EB2EE97253E4FC5006F8DAE /* basketball-frontend */;
			targetProxy = 7EB2EEAA253E4FC7006F8DAE /* PBXContainerItemProxy */;
		};
		7EB2EEB6253E4FC7006F8DAE /* PBXTargetDependency */ = {
			isa = PBXTargetDependency;
			target = 7EB2EE97253E4FC5006F8DAE /* basketball-frontend */;
			targetProxy = 7EB2EEB5253E4FC7006F8DAE /* PBXContainerItemProxy */;
		};
/* End PBXTargetDependency section */

/* Begin XCBuildConfiguration section */
		7EB2EEBB253E4FC7006F8DAE /* Debug */ = {
			isa = XCBuildConfiguration;
			buildSettings = {
				ALWAYS_SEARCH_USER_PATHS = NO;
				CLANG_ANALYZER_NONNULL = YES;
				CLANG_ANALYZER_NUMBER_OBJECT_CONVERSION = YES_AGGRESSIVE;
				CLANG_CXX_LANGUAGE_STANDARD = "gnu++14";
				CLANG_CXX_LIBRARY = "libc++";
				CLANG_ENABLE_MODULES = YES;
				CLANG_ENABLE_OBJC_ARC = YES;
				CLANG_ENABLE_OBJC_WEAK = YES;
				CLANG_WARN_BLOCK_CAPTURE_AUTORELEASING = YES;
				CLANG_WARN_BOOL_CONVERSION = YES;
				CLANG_WARN_COMMA = YES;
				CLANG_WARN_CONSTANT_CONVERSION = YES;
				CLANG_WARN_DEPRECATED_OBJC_IMPLEMENTATIONS = YES;
				CLANG_WARN_DIRECT_OBJC_ISA_USAGE = YES_ERROR;
				CLANG_WARN_DOCUMENTATION_COMMENTS = YES;
				CLANG_WARN_EMPTY_BODY = YES;
				CLANG_WARN_ENUM_CONVERSION = YES;
				CLANG_WARN_INFINITE_RECURSION = YES;
				CLANG_WARN_INT_CONVERSION = YES;
				CLANG_WARN_NON_LITERAL_NULL_CONVERSION = YES;
				CLANG_WARN_OBJC_IMPLICIT_RETAIN_SELF = YES;
				CLANG_WARN_OBJC_LITERAL_CONVERSION = YES;
				CLANG_WARN_OBJC_ROOT_CLASS = YES_ERROR;
				CLANG_WARN_QUOTED_INCLUDE_IN_FRAMEWORK_HEADER = YES;
				CLANG_WARN_RANGE_LOOP_ANALYSIS = YES;
				CLANG_WARN_STRICT_PROTOTYPES = YES;
				CLANG_WARN_SUSPICIOUS_MOVE = YES;
				CLANG_WARN_UNGUARDED_AVAILABILITY = YES_AGGRESSIVE;
				CLANG_WARN_UNREACHABLE_CODE = YES;
				CLANG_WARN__DUPLICATE_METHOD_MATCH = YES;
				COPY_PHASE_STRIP = NO;
				DEBUG_INFORMATION_FORMAT = dwarf;
				ENABLE_STRICT_OBJC_MSGSEND = YES;
				ENABLE_TESTABILITY = YES;
				GCC_C_LANGUAGE_STANDARD = gnu11;
				GCC_DYNAMIC_NO_PIC = NO;
				GCC_NO_COMMON_BLOCKS = YES;
				GCC_OPTIMIZATION_LEVEL = 0;
				GCC_PREPROCESSOR_DEFINITIONS = (
					"DEBUG=1",
					"$(inherited)",
				);
				GCC_WARN_64_TO_32_BIT_CONVERSION = YES;
				GCC_WARN_ABOUT_RETURN_TYPE = YES_ERROR;
				GCC_WARN_UNDECLARED_SELECTOR = YES;
				GCC_WARN_UNINITIALIZED_AUTOS = YES_AGGRESSIVE;
				GCC_WARN_UNUSED_FUNCTION = YES;
				GCC_WARN_UNUSED_VARIABLE = YES;
				IPHONEOS_DEPLOYMENT_TARGET = 14.0;
				MTL_ENABLE_DEBUG_INFO = INCLUDE_SOURCE;
				MTL_FAST_MATH = YES;
				ONLY_ACTIVE_ARCH = YES;
				SDKROOT = iphoneos;
				SWIFT_ACTIVE_COMPILATION_CONDITIONS = DEBUG;
				SWIFT_OPTIMIZATION_LEVEL = "-Onone";
			};
			name = Debug;
		};
		7EB2EEBC253E4FC7006F8DAE /* Release */ = {
			isa = XCBuildConfiguration;
			buildSettings = {
				ALWAYS_SEARCH_USER_PATHS = NO;
				CLANG_ANALYZER_NONNULL = YES;
				CLANG_ANALYZER_NUMBER_OBJECT_CONVERSION = YES_AGGRESSIVE;
				CLANG_CXX_LANGUAGE_STANDARD = "gnu++14";
				CLANG_CXX_LIBRARY = "libc++";
				CLANG_ENABLE_MODULES = YES;
				CLANG_ENABLE_OBJC_ARC = YES;
				CLANG_ENABLE_OBJC_WEAK = YES;
				CLANG_WARN_BLOCK_CAPTURE_AUTORELEASING = YES;
				CLANG_WARN_BOOL_CONVERSION = YES;
				CLANG_WARN_COMMA = YES;
				CLANG_WARN_CONSTANT_CONVERSION = YES;
				CLANG_WARN_DEPRECATED_OBJC_IMPLEMENTATIONS = YES;
				CLANG_WARN_DIRECT_OBJC_ISA_USAGE = YES_ERROR;
				CLANG_WARN_DOCUMENTATION_COMMENTS = YES;
				CLANG_WARN_EMPTY_BODY = YES;
				CLANG_WARN_ENUM_CONVERSION = YES;
				CLANG_WARN_INFINITE_RECURSION = YES;
				CLANG_WARN_INT_CONVERSION = YES;
				CLANG_WARN_NON_LITERAL_NULL_CONVERSION = YES;
				CLANG_WARN_OBJC_IMPLICIT_RETAIN_SELF = YES;
				CLANG_WARN_OBJC_LITERAL_CONVERSION = YES;
				CLANG_WARN_OBJC_ROOT_CLASS = YES_ERROR;
				CLANG_WARN_QUOTED_INCLUDE_IN_FRAMEWORK_HEADER = YES;
				CLANG_WARN_RANGE_LOOP_ANALYSIS = YES;
				CLANG_WARN_STRICT_PROTOTYPES = YES;
				CLANG_WARN_SUSPICIOUS_MOVE = YES;
				CLANG_WARN_UNGUARDED_AVAILABILITY = YES_AGGRESSIVE;
				CLANG_WARN_UNREACHABLE_CODE = YES;
				CLANG_WARN__DUPLICATE_METHOD_MATCH = YES;
				COPY_PHASE_STRIP = NO;
				DEBUG_INFORMATION_FORMAT = "dwarf-with-dsym";
				ENABLE_NS_ASSERTIONS = NO;
				ENABLE_STRICT_OBJC_MSGSEND = YES;
				GCC_C_LANGUAGE_STANDARD = gnu11;
				GCC_NO_COMMON_BLOCKS = YES;
				GCC_WARN_64_TO_32_BIT_CONVERSION = YES;
				GCC_WARN_ABOUT_RETURN_TYPE = YES_ERROR;
				GCC_WARN_UNDECLARED_SELECTOR = YES;
				GCC_WARN_UNINITIALIZED_AUTOS = YES_AGGRESSIVE;
				GCC_WARN_UNUSED_FUNCTION = YES;
				GCC_WARN_UNUSED_VARIABLE = YES;
				IPHONEOS_DEPLOYMENT_TARGET = 14.0;
				MTL_ENABLE_DEBUG_INFO = NO;
				MTL_FAST_MATH = YES;
				SDKROOT = iphoneos;
				SWIFT_COMPILATION_MODE = wholemodule;
				SWIFT_OPTIMIZATION_LEVEL = "-O";
				VALIDATE_PRODUCT = YES;
			};
			name = Release;
		};
		7EB2EEBE253E4FC7006F8DAE /* Debug */ = {
			isa = XCBuildConfiguration;
			buildSettings = {
				ASSETCATALOG_COMPILER_APPICON_NAME = AppIcon;
				ASSETCATALOG_COMPILER_GLOBAL_ACCENT_COLOR_NAME = AccentColor;
				CODE_SIGN_STYLE = Automatic;
				DEVELOPMENT_ASSET_PATHS = "\"basketball-frontend/Preview Content\"";
				ENABLE_PREVIEWS = YES;
				INFOPLIST_FILE = "basketball-frontend/Info.plist";
				IPHONEOS_DEPLOYMENT_TARGET = 14.0;
				LD_RUNPATH_SEARCH_PATHS = (
					"$(inherited)",
					"@executable_path/Frameworks",
				);
				PRODUCT_BUNDLE_IDENTIFIER = "com.Jeffrey-Igims.basketball-frontend";
				PRODUCT_NAME = "$(TARGET_NAME)";
				SWIFT_VERSION = 5.0;
				TARGETED_DEVICE_FAMILY = "1,2";
			};
			name = Debug;
		};
		7EB2EEBF253E4FC7006F8DAE /* Release */ = {
			isa = XCBuildConfiguration;
			buildSettings = {
				ASSETCATALOG_COMPILER_APPICON_NAME = AppIcon;
				ASSETCATALOG_COMPILER_GLOBAL_ACCENT_COLOR_NAME = AccentColor;
				CODE_SIGN_STYLE = Automatic;
				DEVELOPMENT_ASSET_PATHS = "\"basketball-frontend/Preview Content\"";
				ENABLE_PREVIEWS = YES;
				INFOPLIST_FILE = "basketball-frontend/Info.plist";
				IPHONEOS_DEPLOYMENT_TARGET = 14.0;
				LD_RUNPATH_SEARCH_PATHS = (
					"$(inherited)",
					"@executable_path/Frameworks",
				);
				PRODUCT_BUNDLE_IDENTIFIER = "com.Jeffrey-Igims.basketball-frontend";
				PRODUCT_NAME = "$(TARGET_NAME)";
				SWIFT_VERSION = 5.0;
				TARGETED_DEVICE_FAMILY = "1,2";
			};
			name = Release;
		};
		7EB2EEC1253E4FC7006F8DAE /* Debug */ = {
			isa = XCBuildConfiguration;
			buildSettings = {
				ALWAYS_EMBED_SWIFT_STANDARD_LIBRARIES = YES;
				BUNDLE_LOADER = "$(TEST_HOST)";
				CODE_SIGN_STYLE = Automatic;
				INFOPLIST_FILE = "basketball-frontendTests/Info.plist";
				IPHONEOS_DEPLOYMENT_TARGET = 14.0;
				LD_RUNPATH_SEARCH_PATHS = (
					"$(inherited)",
					"@executable_path/Frameworks",
					"@loader_path/Frameworks",
				);
				PRODUCT_BUNDLE_IDENTIFIER = "com.Jeffrey-Igims.basketball-frontendTests";
				PRODUCT_NAME = "$(TARGET_NAME)";
				SWIFT_VERSION = 5.0;
				TARGETED_DEVICE_FAMILY = "1,2";
				TEST_HOST = "$(BUILT_PRODUCTS_DIR)/basketball-frontend.app/basketball-frontend";
			};
			name = Debug;
		};
		7EB2EEC2253E4FC7006F8DAE /* Release */ = {
			isa = XCBuildConfiguration;
			buildSettings = {
				ALWAYS_EMBED_SWIFT_STANDARD_LIBRARIES = YES;
				BUNDLE_LOADER = "$(TEST_HOST)";
				CODE_SIGN_STYLE = Automatic;
				INFOPLIST_FILE = "basketball-frontendTests/Info.plist";
				IPHONEOS_DEPLOYMENT_TARGET = 14.0;
				LD_RUNPATH_SEARCH_PATHS = (
					"$(inherited)",
					"@executable_path/Frameworks",
					"@loader_path/Frameworks",
				);
				PRODUCT_BUNDLE_IDENTIFIER = "com.Jeffrey-Igims.basketball-frontendTests";
				PRODUCT_NAME = "$(TARGET_NAME)";
				SWIFT_VERSION = 5.0;
				TARGETED_DEVICE_FAMILY = "1,2";
				TEST_HOST = "$(BUILT_PRODUCTS_DIR)/basketball-frontend.app/basketball-frontend";
			};
			name = Release;
		};
		7EB2EEC4253E4FC7006F8DAE /* Debug */ = {
			isa = XCBuildConfiguration;
			buildSettings = {
				ALWAYS_EMBED_SWIFT_STANDARD_LIBRARIES = YES;
				CODE_SIGN_STYLE = Automatic;
				INFOPLIST_FILE = "basketball-frontendUITests/Info.plist";
				LD_RUNPATH_SEARCH_PATHS = (
					"$(inherited)",
					"@executable_path/Frameworks",
					"@loader_path/Frameworks",
				);
				PRODUCT_BUNDLE_IDENTIFIER = "com.Jeffrey-Igims.basketball-frontendUITests";
				PRODUCT_NAME = "$(TARGET_NAME)";
				SWIFT_VERSION = 5.0;
				TARGETED_DEVICE_FAMILY = "1,2";
				TEST_TARGET_NAME = "basketball-frontend";
			};
			name = Debug;
		};
		7EB2EEC5253E4FC7006F8DAE /* Release */ = {
			isa = XCBuildConfiguration;
			buildSettings = {
				ALWAYS_EMBED_SWIFT_STANDARD_LIBRARIES = YES;
				CODE_SIGN_STYLE = Automatic;
				INFOPLIST_FILE = "basketball-frontendUITests/Info.plist";
				LD_RUNPATH_SEARCH_PATHS = (
					"$(inherited)",
					"@executable_path/Frameworks",
					"@loader_path/Frameworks",
				);
				PRODUCT_BUNDLE_IDENTIFIER = "com.Jeffrey-Igims.basketball-frontendUITests";
				PRODUCT_NAME = "$(TARGET_NAME)";
				SWIFT_VERSION = 5.0;
				TARGETED_DEVICE_FAMILY = "1,2";
				TEST_TARGET_NAME = "basketball-frontend";
			};
			name = Release;
		};
/* End XCBuildConfiguration section */

/* Begin XCConfigurationList section */
		7EB2EE93253E4FC5006F8DAE /* Build configuration list for PBXProject "basketball-frontend" */ = {
			isa = XCConfigurationList;
			buildConfigurations = (
				7EB2EEBB253E4FC7006F8DAE /* Debug */,
				7EB2EEBC253E4FC7006F8DAE /* Release */,
			);
			defaultConfigurationIsVisible = 0;
			defaultConfigurationName = Release;
		};
		7EB2EEBD253E4FC7006F8DAE /* Build configuration list for PBXNativeTarget "basketball-frontend" */ = {
			isa = XCConfigurationList;
			buildConfigurations = (
				7EB2EEBE253E4FC7006F8DAE /* Debug */,
				7EB2EEBF253E4FC7006F8DAE /* Release */,
			);
			defaultConfigurationIsVisible = 0;
			defaultConfigurationName = Release;
		};
		7EB2EEC0253E4FC7006F8DAE /* Build configuration list for PBXNativeTarget "basketball-frontendTests" */ = {
			isa = XCConfigurationList;
			buildConfigurations = (
				7EB2EEC1253E4FC7006F8DAE /* Debug */,
				7EB2EEC2253E4FC7006F8DAE /* Release */,
			);
			defaultConfigurationIsVisible = 0;
			defaultConfigurationName = Release;
		};
		7EB2EEC3253E4FC7006F8DAE /* Build configuration list for PBXNativeTarget "basketball-frontendUITests" */ = {
			isa = XCConfigurationList;
			buildConfigurations = (
				7EB2EEC4253E4FC7006F8DAE /* Debug */,
				7EB2EEC5253E4FC7006F8DAE /* Release */,
			);
			defaultConfigurationIsVisible = 0;
			defaultConfigurationName = Release;
		};
/* End XCConfigurationList section */
	};
	rootObject = 7EB2EE90253E4FC5006F8DAE /* Project object */;
}
